
Microsoft Visual Studio Solution File, Format Version 12.00
# Visual Studio 2013
VisualStudioVersion = 12.0.40629.0
MinimumVisualStudioVersion = 10.0.40219.1
Project("{2150E333-8FDC-42A3-9474-1A3956D46DE8}") = "1-1 Presentation", "1-1 Presentation", "{0274598E-3469-4A24-AFF2-01E9E9467E1C}"
EndProject
Project("{2150E333-8FDC-42A3-9474-1A3956D46DE8}") = "1-2 Application", "1-2 Application", "{36C82030-2A5E-47CA-A0B8-3DCC64F7D3F0}"
EndProject
Project("{2150E333-8FDC-42A3-9474-1A3956D46DE8}") = "2-Infrastructure", "2-Infrastructure", "{5485324B-F2D6-4CCC-9B59-97C4DC43035E}"
EndProject
Project("{FAE04EC0-301F-11D3-BF4B-00C04F79EFBC}") = "Web.Portal", "Web.Portal\Web.Portal.csproj", "{E5DE555B-D915-432B-844B-6E3586173169}"
EndProject
Project("{FAE04EC0-301F-11D3-BF4B-00C04F79EFBC}") = "Application", "Application\Application.csproj", "{5887BFD3-46CB-4A8E-A5F3-F543FBFFD398}"
EndProject
Project("{FAE04EC0-301F-11D3-BF4B-00C04F79EFBC}") = "Infrastructure", "Infrastructure\Infrastructure.csproj", "{962E8BC0-60C0-48CF-A339-A1CAAA4ADFD7}"
EndProject
Project("{2150E333-8FDC-42A3-9474-1A3956D46DE8}") = "1-4 Domain", "1-4 Domain", "{683F64C2-BA2F-40E6-B7E6-381C8AD49102}"
EndProject
Project("{FAE04EC0-301F-11D3-BF4B-00C04F79EFBC}") = "Domain", "Domain\Domain.csproj", "{C3BEE9EB-CF1A-4471-8774-A363E3F17DCD}"
EndProject
Project("{2150E333-8FDC-42A3-9474-1A3956D46DE8}") = "1-3 Repositories", "1-3 Repositories", "{38B2DBB1-6D6B-4EDB-BE68-A189AEBB1507}"
EndProject
Project("{2150E333-8FDC-42A3-9474-1A3956D46DE8}") = "1-Layers", "1-Layers", "{8A827D0D-C268-4772-8A4A-A050C2D5B594}"
EndProject
Project("{FAE04EC0-301F-11D3-BF4B-00C04F79EFBC}") = "Repository", "Repository\Repository.csproj", "{3CE09C8C-1162-4687-B1B4-4E4DB678E7C9}"
EndProject
Global
	GlobalSection(SolutionConfigurationPlatforms) = preSolution
		Debug|Any CPU = Debug|Any CPU
		Release|Any CPU = Release|Any CPU
	EndGlobalSection
	GlobalSection(ProjectConfigurationPlatforms) = postSolution
		{E5DE555B-D915-432B-844B-6E3586173169}.Debug|Any CPU.ActiveCfg = Debug|Any CPU
		{E5DE555B-D915-432B-844B-6E3586173169}.Debug|Any CPU.Build.0 = Debug|Any CPU
		{E5DE555B-D915-432B-844B-6E3586173169}.Release|Any CPU.ActiveCfg = Release|Any CPU
		{E5DE555B-D915-432B-844B-6E3586173169}.Release|Any CPU.Build.0 = Release|Any CPU
		{5887BFD3-46CB-4A8E-A5F3-F543FBFFD398}.Debug|Any CPU.ActiveCfg = Debug|Any CPU
		{5887BFD3-46CB-4A8E-A5F3-F543FBFFD398}.Debug|Any CPU.Build.0 = Debug|Any CPU
		{5887BFD3-46CB-4A8E-A5F3-F543FBFFD398}.Release|Any CPU.ActiveCfg = Release|Any CPU
		{5887BFD3-46CB-4A8E-A5F3-F543FBFFD398}.Release|Any CPU.Build.0 = Release|Any CPU
		{962E8BC0-60C0-48CF-A339-A1CAAA4ADFD7}.Debug|Any CPU.ActiveCfg = Debug|Any CPU
		{962E8BC0-60C0-48CF-A339-A1CAAA4ADFD7}.Debug|Any CPU.Build.0 = Debug|Any CPU
		{962E8BC0-60C0-48CF-A339-A1CAAA4ADFD7}.Release|Any CPU.ActiveCfg = Release|Any CPU
		{962E8BC0-60C0-48CF-A339-A1CAAA4ADFD7}.Release|Any CPU.Build.0 = Release|Any CPU
		{C3BEE9EB-CF1A-4471-8774-A363E3F17DCD}.Debug|Any CPU.ActiveCfg = Debug|Any CPU
		{C3BEE9EB-CF1A-4471-8774-A363E3F17DCD}.Debug|Any CPU.Build.0 = Debug|Any CPU
		{C3BEE9EB-CF1A-4471-8774-A363E3F17DCD}.Release|Any CPU.ActiveCfg = Release|Any CPU
		{C3BEE9EB-CF1A-4471-8774-A363E3F17DCD}.Release|Any CPU.Build.0 = Release|Any CPU
		{3CE09C8C-1162-4687-B1B4-4E4DB678E7C9}.Debug|Any CPU.ActiveCfg = Debug|Any CPU
		{3CE09C8C-1162-4687-B1B4-4E4DB678E7C9}.Debug|Any CPU.Build.0 = Debug|Any CPU
		{3CE09C8C-1162-4687-B1B4-4E4DB678E7C9}.Release|Any CPU.ActiveCfg = Release|Any CPU
		{3CE09C8C-1162-4687-B1B4-4E4DB678E7C9}.Release|Any CPU.Build.0 = Release|Any CPU
	EndGlobalSection
	GlobalSection(SolutionProperties) = preSolution
		HideSolutionNode = FALSE
	EndGlobalSection
	GlobalSection(NestedProjects) = preSolution
		{0274598E-3469-4A24-AFF2-01E9E9467E1C} = {8A827D0D-C268-4772-8A4A-A050C2D5B594}
		{36C82030-2A5E-47CA-A0B8-3DCC64F7D3F0} = {8A827D0D-C268-4772-8A4A-A050C2D5B594}
		{E5DE555B-D915-432B-844B-6E3586173169} = {0274598E-3469-4A24-AFF2-01E9E9467E1C}
		{5887BFD3-46CB-4A8E-A5F3-F543FBFFD398} = {36C82030-2A5E-47CA-A0B8-3DCC64F7D3F0}
		{962E8BC0-60C0-48CF-A339-A1CAAA4ADFD7} = {5485324B-F2D6-4CCC-9B59-97C4DC43035E}
		{683F64C2-BA2F-40E6-B7E6-381C8AD49102} = {8A827D0D-C268-4772-8A4A-A050C2D5B594}
		{C3BEE9EB-CF1A-4471-8774-A363E3F17DCD} = {683F64C2-BA2F-40E6-B7E6-381C8AD49102}
		{38B2DBB1-6D6B-4EDB-BE68-A189AEBB1507} = {8A827D0D-C268-4772-8A4A-A050C2D5B594}
		{3CE09C8C-1162-4687-B1B4-4E4DB678E7C9} = {38B2DBB1-6D6B-4EDB-BE68-A189AEBB1507}
	EndGlobalSection
EndGlobal
